
Microsoft Visual Studio Solution File, Format Version 12.00
# Visual Studio 14
VisualStudioVersion = 14.0.24720.0
MinimumVisualStudioVersion = 10.0.40219.1
Project("{FAE04EC0-301F-11D3-BF4B-00C04F79EFBC}") = "DatabasePopulationApplication", "dbApp\DatabasePopulationApplication.csproj", "{44B204BB-D200-4125-AF8D-5FF253946F0C}"
EndProject
Project("{FAE04EC0-301F-11D3-BF4B-00C04F79EFBC}") = "CentralFingerprintManagementConsole", "CentralFingerprintManagementConsole\CentralFingerprintManagementConsole.csproj", "{0FB35C17-FA2F-4C09-9DDC-AC5C81C72032}"
EndProject
Project("{FAE04EC0-301F-11D3-BF4B-00C04F79EFBC}") = "WebAPI", "WebAPI\WebAPI.csproj", "{9EBA4D0D-6D86-4B5F-B206-3DAC3C8497D9}"
EndProject
Global
	GlobalSection(SolutionConfigurationPlatforms) = preSolution
		Debug|Any CPU = Debug|Any CPU
		Release|Any CPU = Release|Any CPU
	EndGlobalSection
	GlobalSection(ProjectConfigurationPlatforms) = postSolution
		{44B204BB-D200-4125-AF8D-5FF253946F0C}.Debug|Any CPU.ActiveCfg = Debug|Any CPU
		{44B204BB-D200-4125-AF8D-5FF253946F0C}.Debug|Any CPU.Build.0 = Debug|Any CPU
		{44B204BB-D200-4125-AF8D-5FF253946F0C}.Release|Any CPU.ActiveCfg = Release|Any CPU
		{44B204BB-D200-4125-AF8D-5FF253946F0C}.Release|Any CPU.Build.0 = Release|Any CPU
		{0FB35C17-FA2F-4C09-9DDC-AC5C81C72032}.Debug|Any CPU.ActiveCfg = Debug|Any CPU
		{0FB35C17-FA2F-4C09-9DDC-AC5C81C72032}.Debug|Any CPU.Build.0 = Debug|Any CPU
		{0FB35C17-FA2F-4C09-9DDC-AC5C81C72032}.Release|Any CPU.ActiveCfg = Release|Any CPU
		{0FB35C17-FA2F-4C09-9DDC-AC5C81C72032}.Release|Any CPU.Build.0 = Release|Any CPU
		{9EBA4D0D-6D86-4B5F-B206-3DAC3C8497D9}.Debug|Any CPU.ActiveCfg = Debug|Any CPU
		{9EBA4D0D-6D86-4B5F-B206-3DAC3C8497D9}.Debug|Any CPU.Build.0 = Debug|Any CPU
		{9EBA4D0D-6D86-4B5F-B206-3DAC3C8497D9}.Release|Any CPU.ActiveCfg = Release|Any CPU
		{9EBA4D0D-6D86-4B5F-B206-3DAC3C8497D9}.Release|Any CPU.Build.0 = Release|Any CPU
	EndGlobalSection
	GlobalSection(SolutionProperties) = preSolution
		HideSolutionNode = FALSE
	EndGlobalSection
EndGlobal
