// !$*UTF8*$!
{
	archiveVersion = 1;
	classes = {
	};
	objectVersion = 46;
	objects = {

/* Begin PBXBuildFile section */
		8B99B97E1CDBC49200B274A5 /* AppDelegate.swift in Sources */ = {isa = PBXBuildFile; fileRef = 8B99B97D1CDBC49200B274A5 /* AppDelegate.swift */; };
		8B99B9801CDBC49200B274A5 /* ViewController.swift in Sources */ = {isa = PBXBuildFile; fileRef = 8B99B97F1CDBC49200B274A5 /* ViewController.swift */; };
		8B99B9821CDBC49200B274A5 /* Assets.xcassets in Resources */ = {isa = PBXBuildFile; fileRef = 8B99B9811CDBC49200B274A5 /* Assets.xcassets */; };
		8B99B9851CDBC49200B274A5 /* Main.storyboard in Resources */ = {isa = PBXBuildFile; fileRef = 8B99B9831CDBC49200B274A5 /* Main.storyboard */; };
		8BA0B0381CDBDF1300364964 /* libbass.dylib in Frameworks */ = {isa = PBXBuildFile; fileRef = 8BA0B0361CDBDF1300364964 /* libbass.dylib */; };
		8BA0B0391CDBDF1300364964 /* libbassmix.dylib in Frameworks */ = {isa = PBXBuildFile; fileRef = 8BA0B0371CDBDF1300364964 /* libbassmix.dylib */; };
		8BA0B03A1CDBDFAE00364964 /* libbass.dylib in CopyFiles */ = {isa = PBXBuildFile; fileRef = 8BA0B0361CDBDF1300364964 /* libbass.dylib */; settings = {ATTRIBUTES = (CodeSignOnCopy, ); }; };
		8BA0B03B1CDBDFAE00364964 /* libbassmix.dylib in CopyFiles */ = {isa = PBXBuildFile; fileRef = 8BA0B0371CDBDF1300364964 /* libbassmix.dylib */; settings = {ATTRIBUTES = (CodeSignOnCopy, ); }; };
		8BC038421CDFCA1B00F404CC /* AcousticFingerprintingLibrary.framework in Frameworks */ = {isa = PBXBuildFile; fileRef = 8BC038411CDFCA1B00F404CC /* AcousticFingerprintingLibrary.framework */; };
/* End PBXBuildFile section */

/* Begin PBXCopyFilesBuildPhase section */
		8BA0B02E1CDBCDEB00364964 /* CopyFiles */ = {
			isa = PBXCopyFilesBuildPhase;
			buildActionMask = 2147483647;
			dstPath = "";
			dstSubfolderSpec = 10;
			files = (
				8BA0B03A1CDBDFAE00364964 /* libbass.dylib in CopyFiles */,
				8BA0B03B1CDBDFAE00364964 /* libbassmix.dylib in CopyFiles */,
			);
			runOnlyForDeploymentPostprocessing = 0;
		};
		8BA0B0311CDBCFE100364964 /* Embed Frameworks */ = {
			isa = PBXCopyFilesBuildPhase;
			buildActionMask = 2147483647;
			dstPath = "";
			dstSubfolderSpec = 10;
			files = (
			);
			name = "Embed Frameworks";
			runOnlyForDeploymentPostprocessing = 0;
		};
/* End PBXCopyFilesBuildPhase section */

/* Begin PBXFileReference section */
		8B99B97A1CDBC49200B274A5 /* DatabasePopulationApplication.app */ = {isa = PBXFileReference; explicitFileType = wrapper.application; includeInIndex = 0; path = DatabasePopulationApplication.app; sourceTree = BUILT_PRODUCTS_DIR; };
		8B99B97D1CDBC49200B274A5 /* AppDelegate.swift */ = {isa = PBXFileReference; lastKnownFileType = sourcecode.swift; path = AppDelegate.swift; sourceTree = "<group>"; };
		8B99B97F1CDBC49200B274A5 /* ViewController.swift */ = {isa = PBXFileReference; lastKnownFileType = sourcecode.swift; path = ViewController.swift; sourceTree = "<group>"; };
		8B99B9811CDBC49200B274A5 /* Assets.xcassets */ = {isa = PBXFileReference; lastKnownFileType = folder.assetcatalog; path = Assets.xcassets; sourceTree = "<group>"; };
		8B99B9841CDBC49200B274A5 /* Base */ = {isa = PBXFileReference; lastKnownFileType = file.storyboard; name = Base; path = Base.lproj/Main.storyboard; sourceTree = "<group>"; };
		8B99B9861CDBC49200B274A5 /* Info.plist */ = {isa = PBXFileReference; lastKnownFileType = text.plist.xml; path = Info.plist; sourceTree = "<group>"; };
		8B99B9B71CDBC63900B274A5 /* AcousticFingerprintingLibrary.framework */ = {isa = PBXFileReference; lastKnownFileType = wrapper.framework; name = AcousticFingerprintingLibrary.framework; path = "../../Library/Developer/Xcode/DerivedData/DatabasePopulationApplicationOSX-eubasidtevfsxndqkfadpmdzlesg/Build/Products/Debug/AcousticFingerprintingLibrary.framework"; sourceTree = "<group>"; };
		8BA0B0361CDBDF1300364964 /* libbass.dylib */ = {isa = PBXFileReference; lastKnownFileType = "compiled.mach-o.dylib"; path = libbass.dylib; sourceTree = "<group>"; };
		8BA0B0371CDBDF1300364964 /* libbassmix.dylib */ = {isa = PBXFileReference; lastKnownFileType = "compiled.mach-o.dylib"; path = libbassmix.dylib; sourceTree = "<group>"; };
		8BC038411CDFCA1B00F404CC /* AcousticFingerprintingLibrary.framework */ = {isa = PBXFileReference; lastKnownFileType = wrapper.framework; name = AcousticFingerprintingLibrary.framework; path = "../../../../Library/Developer/Xcode/DerivedData/DatabasePopulationApplicationOSX-beolojsubzrzidckwmnsooodrqav/Build/Products/Debug/AcousticFingerprintingLibrary.framework"; sourceTree = "<group>"; };
/* End PBXFileReference section */

/* Begin PBXFrameworksBuildPhase section */
		8B99B9771CDBC49200B274A5 /* Frameworks */ = {
			isa = PBXFrameworksBuildPhase;
			buildActionMask = 2147483647;
			files = (
				8BC038421CDFCA1B00F404CC /* AcousticFingerprintingLibrary.framework in Frameworks */,
				8BA0B0391CDBDF1300364964 /* libbassmix.dylib in Frameworks */,
				8BA0B0381CDBDF1300364964 /* libbass.dylib in Frameworks */,
			);
			runOnlyForDeploymentPostprocessing = 0;
		};
/* End PBXFrameworksBuildPhase section */

/* Begin PBXGroup section */
		8B99B9711CDBC49200B274A5 = {
			isa = PBXGroup;
			children = (
				8BC038411CDFCA1B00F404CC /* AcousticFingerprintingLibrary.framework */,
				8BA0B0361CDBDF1300364964 /* libbass.dylib */,
				8BA0B0371CDBDF1300364964 /* libbassmix.dylib */,
				8B99B9B71CDBC63900B274A5 /* AcousticFingerprintingLibrary.framework */,
				8B99B97C1CDBC49200B274A5 /* DatabasePopulationApplication */,
				8B99B97B1CDBC49200B274A5 /* Products */,
			);
			sourceTree = "<group>";
		};
		8B99B97B1CDBC49200B274A5 /* Products */ = {
			isa = PBXGroup;
			children = (
				8B99B97A1CDBC49200B274A5 /* DatabasePopulationApplication.app */,
			);
			name = Products;
			sourceTree = "<group>";
		};
		8B99B97C1CDBC49200B274A5 /* DatabasePopulationApplication */ = {
			isa = PBXGroup;
			children = (
				8B99B97D1CDBC49200B274A5 /* AppDelegate.swift */,
				8B99B97F1CDBC49200B274A5 /* ViewController.swift */,
				8B99B9811CDBC49200B274A5 /* Assets.xcassets */,
				8B99B9831CDBC49200B274A5 /* Main.storyboard */,
				8B99B9861CDBC49200B274A5 /* Info.plist */,
			);
			path = DatabasePopulationApplication;
			sourceTree = "<group>";
		};
/* End PBXGroup section */

/* Begin PBXNativeTarget section */
		8B99B9791CDBC49200B274A5 /* DatabasePopulationApplication */ = {
			isa = PBXNativeTarget;
			buildConfigurationList = 8B99B9891CDBC49200B274A5 /* Build configuration list for PBXNativeTarget "DatabasePopulationApplication" */;
			buildPhases = (
				8B99B9761CDBC49200B274A5 /* Sources */,
				8B99B9771CDBC49200B274A5 /* Frameworks */,
				8B99B9781CDBC49200B274A5 /* Resources */,
				8BA0B02E1CDBCDEB00364964 /* CopyFiles */,
				8BA0B0311CDBCFE100364964 /* Embed Frameworks */,
			);
			buildRules = (
			);
			dependencies = (
			);
			name = DatabasePopulationApplication;
			productName = DatabasePopulationApplication;
			productReference = 8B99B97A1CDBC49200B274A5 /* DatabasePopulationApplication.app */;
			productType = "com.apple.product-type.application";
		};
/* End PBXNativeTarget section */

/* Begin PBXProject section */
		8B99B9721CDBC49200B274A5 /* Project object */ = {
			isa = PBXProject;
			attributes = {
				LastSwiftUpdateCheck = 0730;
				LastUpgradeCheck = 0730;
				ORGANIZATIONNAME = metatracks;
				TargetAttributes = {
					8B99B9791CDBC49200B274A5 = {
						CreatedOnToolsVersion = 7.3;
					};
				};
			};
			buildConfigurationList = 8B99B9751CDBC49200B274A5 /* Build configuration list for PBXProject "DatabasePopulationApplication" */;
			compatibilityVersion = "Xcode 3.2";
			developmentRegion = English;
			hasScannedForEncodings = 0;
			knownRegions = (
				en,
				Base,
			);
			mainGroup = 8B99B9711CDBC49200B274A5;
			productRefGroup = 8B99B97B1CDBC49200B274A5 /* Products */;
			projectDirPath = "";
			projectRoot = "";
			targets = (
				8B99B9791CDBC49200B274A5 /* DatabasePopulationApplication */,
			);
		};
/* End PBXProject section */

/* Begin PBXResourcesBuildPhase section */
		8B99B9781CDBC49200B274A5 /* Resources */ = {
			isa = PBXResourcesBuildPhase;
			buildActionMask = 2147483647;
			files = (
				8B99B9821CDBC49200B274A5 /* Assets.xcassets in Resources */,
				8B99B9851CDBC49200B274A5 /* Main.storyboard in Resources */,
			);
			runOnlyForDeploymentPostprocessing = 0;
		};
/* End PBXResourcesBuildPhase section */

/* Begin PBXSourcesBuildPhase section */
		8B99B9761CDBC49200B274A5 /* Sources */ = {
			isa = PBXSourcesBuildPhase;
			buildActionMask = 2147483647;
			files = (
				8B99B9801CDBC49200B274A5 /* ViewController.swift in Sources */,
				8B99B97E1CDBC49200B274A5 /* AppDelegate.swift in Sources */,
			);
			runOnlyForDeploymentPostprocessing = 0;
		};
/* End PBXSourcesBuildPhase section */

/* Begin PBXVariantGroup section */
		8B99B9831CDBC49200B274A5 /* Main.storyboard */ = {
			isa = PBXVariantGroup;
			children = (
				8B99B9841CDBC49200B274A5 /* Base */,
			);
			name = Main.storyboard;
			sourceTree = "<group>";
		};
/* End PBXVariantGroup section */

/* Begin XCBuildConfiguration section */
		8B99B9871CDBC49200B274A5 /* Debug */ = {
			isa = XCBuildConfiguration;
			buildSettings = {
				ALWAYS_SEARCH_USER_PATHS = NO;
				CLANG_ANALYZER_NONNULL = YES;
				CLANG_CXX_LANGUAGE_STANDARD = "gnu++0x";
				CLANG_CXX_LIBRARY = "libc++";
				CLANG_ENABLE_MODULES = YES;
				CLANG_ENABLE_OBJC_ARC = YES;
				CLANG_WARN_BOOL_CONVERSION = YES;
				CLANG_WARN_CONSTANT_CONVERSION = YES;
				CLANG_WARN_DIRECT_OBJC_ISA_USAGE = YES_ERROR;
				CLANG_WARN_EMPTY_BODY = YES;
				CLANG_WARN_ENUM_CONVERSION = YES;
				CLANG_WARN_INT_CONVERSION = YES;
				CLANG_WARN_OBJC_ROOT_CLASS = YES_ERROR;
				CLANG_WARN_UNREACHABLE_CODE = YES;
				CLANG_WARN__DUPLICATE_METHOD_MATCH = YES;
				CODE_SIGN_IDENTITY = "-";
				COPY_PHASE_STRIP = NO;
				DEBUG_INFORMATION_FORMAT = dwarf;
				ENABLE_STRICT_OBJC_MSGSEND = YES;
				ENABLE_TESTABILITY = YES;
				GCC_C_LANGUAGE_STANDARD = gnu99;
				GCC_DYNAMIC_NO_PIC = NO;
				GCC_NO_COMMON_BLOCKS = YES;
				GCC_OPTIMIZATION_LEVEL = 0;
				GCC_PREPROCESSOR_DEFINITIONS = (
					"DEBUG=1",
					"$(inherited)",
				);
				GCC_WARN_64_TO_32_BIT_CONVERSION = YES;
				GCC_WARN_ABOUT_RETURN_TYPE = YES_ERROR;
				GCC_WARN_UNDECLARED_SELECTOR = YES;
				GCC_WARN_UNINITIALIZED_AUTOS = YES_AGGRESSIVE;
				GCC_WARN_UNUSED_FUNCTION = YES;
				GCC_WARN_UNUSED_VARIABLE = YES;
				MACOSX_DEPLOYMENT_TARGET = 10.11;
				MTL_ENABLE_DEBUG_INFO = YES;
				ONLY_ACTIVE_ARCH = YES;
				SDKROOT = macosx;
				SWIFT_OPTIMIZATION_LEVEL = "-Onone";
			};
			name = Debug;
		};
		8B99B9881CDBC49200B274A5 /* Release */ = {
			isa = XCBuildConfiguration;
			buildSettings = {
				ALWAYS_SEARCH_USER_PATHS = NO;
				CLANG_ANALYZER_NONNULL = YES;
				CLANG_CXX_LANGUAGE_STANDARD = "gnu++0x";
				CLANG_CXX_LIBRARY = "libc++";
				CLANG_ENABLE_MODULES = YES;
				CLANG_ENABLE_OBJC_ARC = YES;
				CLANG_WARN_BOOL_CONVERSION = YES;
				CLANG_WARN_CONSTANT_CONVERSION = YES;
				CLANG_WARN_DIRECT_OBJC_ISA_USAGE = YES_ERROR;
				CLANG_WARN_EMPTY_BODY = YES;
				CLANG_WARN_ENUM_CONVERSION = YES;
				CLANG_WARN_INT_CONVERSION = YES;
				CLANG_WARN_OBJC_ROOT_CLASS = YES_ERROR;
				CLANG_WARN_UNREACHABLE_CODE = YES;
				CLANG_WARN__DUPLICATE_METHOD_MATCH = YES;
				CODE_SIGN_IDENTITY = "-";
				COPY_PHASE_STRIP = NO;
				DEBUG_INFORMATION_FORMAT = "dwarf-with-dsym";
				ENABLE_NS_ASSERTIONS = NO;
				ENABLE_STRICT_OBJC_MSGSEND = YES;
				GCC_C_LANGUAGE_STANDARD = gnu99;
				GCC_NO_COMMON_BLOCKS = YES;
				GCC_WARN_64_TO_32_BIT_CONVERSION = YES;
				GCC_WARN_ABOUT_RETURN_TYPE = YES_ERROR;
				GCC_WARN_UNDECLARED_SELECTOR = YES;
				GCC_WARN_UNINITIALIZED_AUTOS = YES_AGGRESSIVE;
				GCC_WARN_UNUSED_FUNCTION = YES;
				GCC_WARN_UNUSED_VARIABLE = YES;
				MACOSX_DEPLOYMENT_TARGET = 10.11;
				MTL_ENABLE_DEBUG_INFO = NO;
				SDKROOT = macosx;
			};
			name = Release;
		};
		8B99B98A1CDBC49200B274A5 /* Debug */ = {
			isa = XCBuildConfiguration;
			buildSettings = {
				ASSETCATALOG_COMPILER_APPICON_NAME = AppIcon;
				COMBINE_HIDPI_IMAGES = YES;
				EMBEDDED_CONTENT_CONTAINS_SWIFT = YES;
				INFOPLIST_FILE = DatabasePopulationApplication/Info.plist;
				LD_RUNPATH_SEARCH_PATHS = "$(inherited) @executable_path/../Frameworks";
				LIBRARY_SEARCH_PATHS = (
					"$(inherited)",
					"$(PROJECT_DIR)",
				);
				PRODUCT_BUNDLE_IDENTIFIER = mt.metatracks.DatabasePopulationApplication;
				PRODUCT_NAME = "$(TARGET_NAME)";
			};
			name = Debug;
		};
		8B99B98B1CDBC49200B274A5 /* Release */ = {
			isa = XCBuildConfiguration;
			buildSettings = {
				ASSETCATALOG_COMPILER_APPICON_NAME = AppIcon;
				COMBINE_HIDPI_IMAGES = YES;
				EMBEDDED_CONTENT_CONTAINS_SWIFT = YES;
				INFOPLIST_FILE = DatabasePopulationApplication/Info.plist;
				LD_RUNPATH_SEARCH_PATHS = "$(inherited) @executable_path/../Frameworks";
				LIBRARY_SEARCH_PATHS = (
					"$(inherited)",
					"$(PROJECT_DIR)",
				);
				PRODUCT_BUNDLE_IDENTIFIER = mt.metatracks.DatabasePopulationApplication;
				PRODUCT_NAME = "$(TARGET_NAME)";
			};
			name = Release;
		};
/* End XCBuildConfiguration section */

/* Begin XCConfigurationList section */
		8B99B9751CDBC49200B274A5 /* Build configuration list for PBXProject "DatabasePopulationApplication" */ = {
			isa = XCConfigurationList;
			buildConfigurations = (
				8B99B9871CDBC49200B274A5 /* Debug */,
				8B99B9881CDBC49200B274A5 /* Release */,
			);
			defaultConfigurationIsVisible = 0;
			defaultConfigurationName = Release;
		};
		8B99B9891CDBC49200B274A5 /* Build configuration list for PBXNativeTarget "DatabasePopulationApplication" */ = {
			isa = XCConfigurationList;
			buildConfigurations = (
				8B99B98A1CDBC49200B274A5 /* Debug */,
				8B99B98B1CDBC49200B274A5 /* Release */,
			);
			defaultConfigurationIsVisible = 0;
			defaultConfigurationName = Release;
		};
/* End XCConfigurationList section */
	};
	rootObject = 8B99B9721CDBC49200B274A5 /* Project object */;
}
