
Microsoft Visual Studio Solution File, Format Version 12.00
# Visual Studio 14
VisualStudioVersion = 14.0.24720.0
MinimumVisualStudioVersion = 10.0.40219.1
Project("{FAE04EC0-301F-11D3-BF4B-00C04F79EFBC}") = "WebAPI", "WebAPI\WebAPI.csproj", "{B276AC87-EA03-46CE-8F02-E7E8D1D8E2EA}"
	ProjectSection(ProjectDependencies) = postProject
		{17455239-7B48-4118-B5E9-4DC5AF829F66} = {17455239-7B48-4118-B5E9-4DC5AF829F66}
		{19F54949-DDCA-43BC-B558-50AD1D5DDDCE} = {19F54949-DDCA-43BC-B558-50AD1D5DDDCE}
		{538E6060-29F1-4CCE-B9D5-EDB993183956} = {538E6060-29F1-4CCE-B9D5-EDB993183956}
	EndProjectSection
EndProject
Project("{FAE04EC0-301F-11D3-BF4B-00C04F79EFBC}") = "DatabasePopulationApplication_0.4.5", "DatabasePopulationApplication_0.4.5\DatabasePopulationApplication_0.4.5.csproj", "{17455239-7B48-4118-B5E9-4DC5AF829F66}"
	ProjectSection(ProjectDependencies) = postProject
		{538E6060-29F1-4CCE-B9D5-EDB993183956} = {538E6060-29F1-4CCE-B9D5-EDB993183956}
	EndProjectSection
EndProject
Project("{FAE04EC0-301F-11D3-BF4B-00C04F79EFBC}") = "WindowsApplication_0.4.5", "WindowsApplication_0.4.5\WindowsApplication_0.4.5.csproj", "{19F54949-DDCA-43BC-B558-50AD1D5DDDCE}"
	ProjectSection(ProjectDependencies) = postProject
		{538E6060-29F1-4CCE-B9D5-EDB993183956} = {538E6060-29F1-4CCE-B9D5-EDB993183956}
	EndProjectSection
EndProject
Project("{FAE04EC0-301F-11D3-BF4B-00C04F79EFBC}") = "iOSApplication_0.5.3", "iOSApplication_0.5.3\iOSApplication_0.5.3.csproj", "{365E67C3-B68D-4B3A-ABDF-38839BF59886}"
EndProject
Project("{FAE04EC0-301F-11D3-BF4B-00C04F79EFBC}") = "AcousticFingerprintingLibrary_0.4.5", "AcousticFingerprintingLibrary_0.4.5\AcousticFingerprintingLibrary_0.4.5.csproj", "{538E6060-29F1-4CCE-B9D5-EDB993183956}"
EndProject
Global
	GlobalSection(SolutionConfigurationPlatforms) = preSolution
		Ad-Hoc|Any CPU = Ad-Hoc|Any CPU
		Ad-Hoc|iPhone = Ad-Hoc|iPhone
		Ad-Hoc|iPhoneSimulator = Ad-Hoc|iPhoneSimulator
		Ad-Hoc|x86 = Ad-Hoc|x86
		AppStore|Any CPU = AppStore|Any CPU
		AppStore|iPhone = AppStore|iPhone
		AppStore|iPhoneSimulator = AppStore|iPhoneSimulator
		AppStore|x86 = AppStore|x86
		Debug|Any CPU = Debug|Any CPU
		Debug|iPhone = Debug|iPhone
		Debug|iPhoneSimulator = Debug|iPhoneSimulator
		Debug|x86 = Debug|x86
		Release|Any CPU = Release|Any CPU
		Release|iPhone = Release|iPhone
		Release|iPhoneSimulator = Release|iPhoneSimulator
		Release|x86 = Release|x86
	EndGlobalSection
	GlobalSection(ProjectConfigurationPlatforms) = postSolution
		{B276AC87-EA03-46CE-8F02-E7E8D1D8E2EA}.Ad-Hoc|Any CPU.ActiveCfg = Release|Any CPU
		{B276AC87-EA03-46CE-8F02-E7E8D1D8E2EA}.Ad-Hoc|Any CPU.Build.0 = Release|Any CPU
		{B276AC87-EA03-46CE-8F02-E7E8D1D8E2EA}.Ad-Hoc|iPhone.ActiveCfg = Release|Any CPU
		{B276AC87-EA03-46CE-8F02-E7E8D1D8E2EA}.Ad-Hoc|iPhone.Build.0 = Release|Any CPU
		{B276AC87-EA03-46CE-8F02-E7E8D1D8E2EA}.Ad-Hoc|iPhoneSimulator.ActiveCfg = Release|Any CPU
		{B276AC87-EA03-46CE-8F02-E7E8D1D8E2EA}.Ad-Hoc|iPhoneSimulator.Build.0 = Release|Any CPU
		{B276AC87-EA03-46CE-8F02-E7E8D1D8E2EA}.Ad-Hoc|x86.ActiveCfg = Release|Any CPU
		{B276AC87-EA03-46CE-8F02-E7E8D1D8E2EA}.Ad-Hoc|x86.Build.0 = Release|Any CPU
		{B276AC87-EA03-46CE-8F02-E7E8D1D8E2EA}.AppStore|Any CPU.ActiveCfg = Release|Any CPU
		{B276AC87-EA03-46CE-8F02-E7E8D1D8E2EA}.AppStore|Any CPU.Build.0 = Release|Any CPU
		{B276AC87-EA03-46CE-8F02-E7E8D1D8E2EA}.AppStore|iPhone.ActiveCfg = Release|Any CPU
		{B276AC87-EA03-46CE-8F02-E7E8D1D8E2EA}.AppStore|iPhone.Build.0 = Release|Any CPU
		{B276AC87-EA03-46CE-8F02-E7E8D1D8E2EA}.AppStore|iPhoneSimulator.ActiveCfg = Release|Any CPU
		{B276AC87-EA03-46CE-8F02-E7E8D1D8E2EA}.AppStore|iPhoneSimulator.Build.0 = Release|Any CPU
		{B276AC87-EA03-46CE-8F02-E7E8D1D8E2EA}.AppStore|x86.ActiveCfg = Release|Any CPU
		{B276AC87-EA03-46CE-8F02-E7E8D1D8E2EA}.AppStore|x86.Build.0 = Release|Any CPU
		{B276AC87-EA03-46CE-8F02-E7E8D1D8E2EA}.Debug|Any CPU.ActiveCfg = Debug|Any CPU
		{B276AC87-EA03-46CE-8F02-E7E8D1D8E2EA}.Debug|Any CPU.Build.0 = Debug|Any CPU
		{B276AC87-EA03-46CE-8F02-E7E8D1D8E2EA}.Debug|iPhone.ActiveCfg = Debug|Any CPU
		{B276AC87-EA03-46CE-8F02-E7E8D1D8E2EA}.Debug|iPhone.Build.0 = Debug|Any CPU
		{B276AC87-EA03-46CE-8F02-E7E8D1D8E2EA}.Debug|iPhoneSimulator.ActiveCfg = Debug|Any CPU
		{B276AC87-EA03-46CE-8F02-E7E8D1D8E2EA}.Debug|iPhoneSimulator.Build.0 = Debug|Any CPU
		{B276AC87-EA03-46CE-8F02-E7E8D1D8E2EA}.Debug|x86.ActiveCfg = Debug|Any CPU
		{B276AC87-EA03-46CE-8F02-E7E8D1D8E2EA}.Debug|x86.Build.0 = Debug|Any CPU
		{B276AC87-EA03-46CE-8F02-E7E8D1D8E2EA}.Release|Any CPU.ActiveCfg = Release|Any CPU
		{B276AC87-EA03-46CE-8F02-E7E8D1D8E2EA}.Release|Any CPU.Build.0 = Release|Any CPU
		{B276AC87-EA03-46CE-8F02-E7E8D1D8E2EA}.Release|iPhone.ActiveCfg = Release|Any CPU
		{B276AC87-EA03-46CE-8F02-E7E8D1D8E2EA}.Release|iPhone.Build.0 = Release|Any CPU
		{B276AC87-EA03-46CE-8F02-E7E8D1D8E2EA}.Release|iPhoneSimulator.ActiveCfg = Release|Any CPU
		{B276AC87-EA03-46CE-8F02-E7E8D1D8E2EA}.Release|iPhoneSimulator.Build.0 = Release|Any CPU
		{B276AC87-EA03-46CE-8F02-E7E8D1D8E2EA}.Release|x86.ActiveCfg = Release|Any CPU
		{B276AC87-EA03-46CE-8F02-E7E8D1D8E2EA}.Release|x86.Build.0 = Release|Any CPU
		{17455239-7B48-4118-B5E9-4DC5AF829F66}.Ad-Hoc|Any CPU.ActiveCfg = Release|Any CPU
		{17455239-7B48-4118-B5E9-4DC5AF829F66}.Ad-Hoc|Any CPU.Build.0 = Release|Any CPU
		{17455239-7B48-4118-B5E9-4DC5AF829F66}.Ad-Hoc|iPhone.ActiveCfg = Release|Any CPU
		{17455239-7B48-4118-B5E9-4DC5AF829F66}.Ad-Hoc|iPhone.Build.0 = Release|Any CPU
		{17455239-7B48-4118-B5E9-4DC5AF829F66}.Ad-Hoc|iPhoneSimulator.ActiveCfg = Release|Any CPU
		{17455239-7B48-4118-B5E9-4DC5AF829F66}.Ad-Hoc|iPhoneSimulator.Build.0 = Release|Any CPU
		{17455239-7B48-4118-B5E9-4DC5AF829F66}.Ad-Hoc|x86.ActiveCfg = Release|Any CPU
		{17455239-7B48-4118-B5E9-4DC5AF829F66}.Ad-Hoc|x86.Build.0 = Release|Any CPU
		{17455239-7B48-4118-B5E9-4DC5AF829F66}.AppStore|Any CPU.ActiveCfg = Release|Any CPU
		{17455239-7B48-4118-B5E9-4DC5AF829F66}.AppStore|Any CPU.Build.0 = Release|Any CPU
		{17455239-7B48-4118-B5E9-4DC5AF829F66}.AppStore|iPhone.ActiveCfg = Release|Any CPU
		{17455239-7B48-4118-B5E9-4DC5AF829F66}.AppStore|iPhone.Build.0 = Release|Any CPU
		{17455239-7B48-4118-B5E9-4DC5AF829F66}.AppStore|iPhoneSimulator.ActiveCfg = Release|Any CPU
		{17455239-7B48-4118-B5E9-4DC5AF829F66}.AppStore|iPhoneSimulator.Build.0 = Release|Any CPU
		{17455239-7B48-4118-B5E9-4DC5AF829F66}.AppStore|x86.ActiveCfg = Release|Any CPU
		{17455239-7B48-4118-B5E9-4DC5AF829F66}.AppStore|x86.Build.0 = Release|Any CPU
		{17455239-7B48-4118-B5E9-4DC5AF829F66}.Debug|Any CPU.ActiveCfg = Debug|Any CPU
		{17455239-7B48-4118-B5E9-4DC5AF829F66}.Debug|Any CPU.Build.0 = Debug|Any CPU
		{17455239-7B48-4118-B5E9-4DC5AF829F66}.Debug|iPhone.ActiveCfg = Debug|Any CPU
		{17455239-7B48-4118-B5E9-4DC5AF829F66}.Debug|iPhone.Build.0 = Debug|Any CPU
		{17455239-7B48-4118-B5E9-4DC5AF829F66}.Debug|iPhoneSimulator.ActiveCfg = Debug|Any CPU
		{17455239-7B48-4118-B5E9-4DC5AF829F66}.Debug|iPhoneSimulator.Build.0 = Debug|Any CPU
		{17455239-7B48-4118-B5E9-4DC5AF829F66}.Debug|x86.ActiveCfg = Debug|Any CPU
		{17455239-7B48-4118-B5E9-4DC5AF829F66}.Debug|x86.Build.0 = Debug|Any CPU
		{17455239-7B48-4118-B5E9-4DC5AF829F66}.Release|Any CPU.ActiveCfg = Release|Any CPU
		{17455239-7B48-4118-B5E9-4DC5AF829F66}.Release|Any CPU.Build.0 = Release|Any CPU
		{17455239-7B48-4118-B5E9-4DC5AF829F66}.Release|iPhone.ActiveCfg = Release|Any CPU
		{17455239-7B48-4118-B5E9-4DC5AF829F66}.Release|iPhone.Build.0 = Release|Any CPU
		{17455239-7B48-4118-B5E9-4DC5AF829F66}.Release|iPhoneSimulator.ActiveCfg = Release|Any CPU
		{17455239-7B48-4118-B5E9-4DC5AF829F66}.Release|iPhoneSimulator.Build.0 = Release|Any CPU
		{17455239-7B48-4118-B5E9-4DC5AF829F66}.Release|x86.ActiveCfg = Release|Any CPU
		{17455239-7B48-4118-B5E9-4DC5AF829F66}.Release|x86.Build.0 = Release|Any CPU
		{19F54949-DDCA-43BC-B558-50AD1D5DDDCE}.Ad-Hoc|Any CPU.ActiveCfg = Release|Any CPU
		{19F54949-DDCA-43BC-B558-50AD1D5DDDCE}.Ad-Hoc|Any CPU.Build.0 = Release|Any CPU
		{19F54949-DDCA-43BC-B558-50AD1D5DDDCE}.Ad-Hoc|iPhone.ActiveCfg = Release|Any CPU
		{19F54949-DDCA-43BC-B558-50AD1D5DDDCE}.Ad-Hoc|iPhone.Build.0 = Release|Any CPU
		{19F54949-DDCA-43BC-B558-50AD1D5DDDCE}.Ad-Hoc|iPhoneSimulator.ActiveCfg = Release|Any CPU
		{19F54949-DDCA-43BC-B558-50AD1D5DDDCE}.Ad-Hoc|iPhoneSimulator.Build.0 = Release|Any CPU
		{19F54949-DDCA-43BC-B558-50AD1D5DDDCE}.Ad-Hoc|x86.ActiveCfg = Release|Any CPU
		{19F54949-DDCA-43BC-B558-50AD1D5DDDCE}.Ad-Hoc|x86.Build.0 = Release|Any CPU
		{19F54949-DDCA-43BC-B558-50AD1D5DDDCE}.AppStore|Any CPU.ActiveCfg = Release|Any CPU
		{19F54949-DDCA-43BC-B558-50AD1D5DDDCE}.AppStore|Any CPU.Build.0 = Release|Any CPU
		{19F54949-DDCA-43BC-B558-50AD1D5DDDCE}.AppStore|iPhone.ActiveCfg = Release|Any CPU
		{19F54949-DDCA-43BC-B558-50AD1D5DDDCE}.AppStore|iPhone.Build.0 = Release|Any CPU
		{19F54949-DDCA-43BC-B558-50AD1D5DDDCE}.AppStore|iPhoneSimulator.ActiveCfg = Release|Any CPU
		{19F54949-DDCA-43BC-B558-50AD1D5DDDCE}.AppStore|iPhoneSimulator.Build.0 = Release|Any CPU
		{19F54949-DDCA-43BC-B558-50AD1D5DDDCE}.AppStore|x86.ActiveCfg = Release|Any CPU
		{19F54949-DDCA-43BC-B558-50AD1D5DDDCE}.AppStore|x86.Build.0 = Release|Any CPU
		{19F54949-DDCA-43BC-B558-50AD1D5DDDCE}.Debug|Any CPU.ActiveCfg = Debug|Any CPU
		{19F54949-DDCA-43BC-B558-50AD1D5DDDCE}.Debug|Any CPU.Build.0 = Debug|Any CPU
		{19F54949-DDCA-43BC-B558-50AD1D5DDDCE}.Debug|iPhone.ActiveCfg = Debug|Any CPU
		{19F54949-DDCA-43BC-B558-50AD1D5DDDCE}.Debug|iPhone.Build.0 = Debug|Any CPU
		{19F54949-DDCA-43BC-B558-50AD1D5DDDCE}.Debug|iPhoneSimulator.ActiveCfg = Debug|Any CPU
		{19F54949-DDCA-43BC-B558-50AD1D5DDDCE}.Debug|iPhoneSimulator.Build.0 = Debug|Any CPU
		{19F54949-DDCA-43BC-B558-50AD1D5DDDCE}.Debug|x86.ActiveCfg = Debug|Any CPU
		{19F54949-DDCA-43BC-B558-50AD1D5DDDCE}.Debug|x86.Build.0 = Debug|Any CPU
		{19F54949-DDCA-43BC-B558-50AD1D5DDDCE}.Release|Any CPU.ActiveCfg = Release|Any CPU
		{19F54949-DDCA-43BC-B558-50AD1D5DDDCE}.Release|Any CPU.Build.0 = Release|Any CPU
		{19F54949-DDCA-43BC-B558-50AD1D5DDDCE}.Release|iPhone.ActiveCfg = Release|Any CPU
		{19F54949-DDCA-43BC-B558-50AD1D5DDDCE}.Release|iPhone.Build.0 = Release|Any CPU
		{19F54949-DDCA-43BC-B558-50AD1D5DDDCE}.Release|iPhoneSimulator.ActiveCfg = Release|Any CPU
		{19F54949-DDCA-43BC-B558-50AD1D5DDDCE}.Release|iPhoneSimulator.Build.0 = Release|Any CPU
		{19F54949-DDCA-43BC-B558-50AD1D5DDDCE}.Release|x86.ActiveCfg = Release|Any CPU
		{19F54949-DDCA-43BC-B558-50AD1D5DDDCE}.Release|x86.Build.0 = Release|Any CPU
		{365E67C3-B68D-4B3A-ABDF-38839BF59886}.Ad-Hoc|Any CPU.ActiveCfg = Ad-Hoc|iPhone
		{365E67C3-B68D-4B3A-ABDF-38839BF59886}.Ad-Hoc|iPhone.ActiveCfg = Ad-Hoc|iPhone
		{365E67C3-B68D-4B3A-ABDF-38839BF59886}.Ad-Hoc|iPhone.Build.0 = Ad-Hoc|iPhone
		{365E67C3-B68D-4B3A-ABDF-38839BF59886}.Ad-Hoc|iPhoneSimulator.ActiveCfg = Ad-Hoc|iPhoneSimulator
		{365E67C3-B68D-4B3A-ABDF-38839BF59886}.Ad-Hoc|iPhoneSimulator.Build.0 = Ad-Hoc|iPhoneSimulator
		{365E67C3-B68D-4B3A-ABDF-38839BF59886}.Ad-Hoc|x86.ActiveCfg = Ad-Hoc|iPhone
		{365E67C3-B68D-4B3A-ABDF-38839BF59886}.AppStore|Any CPU.ActiveCfg = AppStore|iPhone
		{365E67C3-B68D-4B3A-ABDF-38839BF59886}.AppStore|iPhone.ActiveCfg = AppStore|iPhone
		{365E67C3-B68D-4B3A-ABDF-38839BF59886}.AppStore|iPhone.Build.0 = AppStore|iPhone
		{365E67C3-B68D-4B3A-ABDF-38839BF59886}.AppStore|iPhoneSimulator.ActiveCfg = AppStore|iPhoneSimulator
		{365E67C3-B68D-4B3A-ABDF-38839BF59886}.AppStore|iPhoneSimulator.Build.0 = AppStore|iPhoneSimulator
		{365E67C3-B68D-4B3A-ABDF-38839BF59886}.AppStore|x86.ActiveCfg = AppStore|iPhone
		{365E67C3-B68D-4B3A-ABDF-38839BF59886}.Debug|Any CPU.ActiveCfg = Debug|iPhone
		{365E67C3-B68D-4B3A-ABDF-38839BF59886}.Debug|iPhone.ActiveCfg = Debug|iPhone
		{365E67C3-B68D-4B3A-ABDF-38839BF59886}.Debug|iPhone.Build.0 = Debug|iPhone
		{365E67C3-B68D-4B3A-ABDF-38839BF59886}.Debug|iPhoneSimulator.ActiveCfg = Debug|iPhoneSimulator
		{365E67C3-B68D-4B3A-ABDF-38839BF59886}.Debug|iPhoneSimulator.Build.0 = Debug|iPhoneSimulator
		{365E67C3-B68D-4B3A-ABDF-38839BF59886}.Debug|x86.ActiveCfg = Debug|iPhone
		{365E67C3-B68D-4B3A-ABDF-38839BF59886}.Release|Any CPU.ActiveCfg = Release|iPhone
		{365E67C3-B68D-4B3A-ABDF-38839BF59886}.Release|iPhone.ActiveCfg = Release|iPhone
		{365E67C3-B68D-4B3A-ABDF-38839BF59886}.Release|iPhone.Build.0 = Release|iPhone
		{365E67C3-B68D-4B3A-ABDF-38839BF59886}.Release|iPhoneSimulator.ActiveCfg = Release|iPhoneSimulator
		{365E67C3-B68D-4B3A-ABDF-38839BF59886}.Release|iPhoneSimulator.Build.0 = Release|iPhoneSimulator
		{365E67C3-B68D-4B3A-ABDF-38839BF59886}.Release|x86.ActiveCfg = Release|iPhone
		{538E6060-29F1-4CCE-B9D5-EDB993183956}.Ad-Hoc|Any CPU.ActiveCfg = Release|Any CPU
		{538E6060-29F1-4CCE-B9D5-EDB993183956}.Ad-Hoc|Any CPU.Build.0 = Release|Any CPU
		{538E6060-29F1-4CCE-B9D5-EDB993183956}.Ad-Hoc|iPhone.ActiveCfg = Release|Any CPU
		{538E6060-29F1-4CCE-B9D5-EDB993183956}.Ad-Hoc|iPhone.Build.0 = Release|Any CPU
		{538E6060-29F1-4CCE-B9D5-EDB993183956}.Ad-Hoc|iPhoneSimulator.ActiveCfg = Release|Any CPU
		{538E6060-29F1-4CCE-B9D5-EDB993183956}.Ad-Hoc|iPhoneSimulator.Build.0 = Release|Any CPU
		{538E6060-29F1-4CCE-B9D5-EDB993183956}.Ad-Hoc|x86.ActiveCfg = Release|Any CPU
		{538E6060-29F1-4CCE-B9D5-EDB993183956}.Ad-Hoc|x86.Build.0 = Release|Any CPU
		{538E6060-29F1-4CCE-B9D5-EDB993183956}.AppStore|Any CPU.ActiveCfg = Release|Any CPU
		{538E6060-29F1-4CCE-B9D5-EDB993183956}.AppStore|Any CPU.Build.0 = Release|Any CPU
		{538E6060-29F1-4CCE-B9D5-EDB993183956}.AppStore|iPhone.ActiveCfg = Release|Any CPU
		{538E6060-29F1-4CCE-B9D5-EDB993183956}.AppStore|iPhone.Build.0 = Release|Any CPU
		{538E6060-29F1-4CCE-B9D5-EDB993183956}.AppStore|iPhoneSimulator.ActiveCfg = Release|Any CPU
		{538E6060-29F1-4CCE-B9D5-EDB993183956}.AppStore|iPhoneSimulator.Build.0 = Release|Any CPU
		{538E6060-29F1-4CCE-B9D5-EDB993183956}.AppStore|x86.ActiveCfg = Release|Any CPU
		{538E6060-29F1-4CCE-B9D5-EDB993183956}.AppStore|x86.Build.0 = Release|Any CPU
		{538E6060-29F1-4CCE-B9D5-EDB993183956}.Debug|Any CPU.ActiveCfg = Debug|Any CPU
		{538E6060-29F1-4CCE-B9D5-EDB993183956}.Debug|Any CPU.Build.0 = Debug|Any CPU
		{538E6060-29F1-4CCE-B9D5-EDB993183956}.Debug|iPhone.ActiveCfg = Debug|Any CPU
		{538E6060-29F1-4CCE-B9D5-EDB993183956}.Debug|iPhone.Build.0 = Debug|Any CPU
		{538E6060-29F1-4CCE-B9D5-EDB993183956}.Debug|iPhoneSimulator.ActiveCfg = Debug|Any CPU
		{538E6060-29F1-4CCE-B9D5-EDB993183956}.Debug|iPhoneSimulator.Build.0 = Debug|Any CPU
		{538E6060-29F1-4CCE-B9D5-EDB993183956}.Debug|x86.ActiveCfg = Debug|Any CPU
		{538E6060-29F1-4CCE-B9D5-EDB993183956}.Debug|x86.Build.0 = Debug|Any CPU
		{538E6060-29F1-4CCE-B9D5-EDB993183956}.Release|Any CPU.ActiveCfg = Release|Any CPU
		{538E6060-29F1-4CCE-B9D5-EDB993183956}.Release|Any CPU.Build.0 = Release|Any CPU
		{538E6060-29F1-4CCE-B9D5-EDB993183956}.Release|iPhone.ActiveCfg = Release|Any CPU
		{538E6060-29F1-4CCE-B9D5-EDB993183956}.Release|iPhone.Build.0 = Release|Any CPU
		{538E6060-29F1-4CCE-B9D5-EDB993183956}.Release|iPhoneSimulator.ActiveCfg = Release|Any CPU
		{538E6060-29F1-4CCE-B9D5-EDB993183956}.Release|iPhoneSimulator.Build.0 = Release|Any CPU
		{538E6060-29F1-4CCE-B9D5-EDB993183956}.Release|x86.ActiveCfg = Release|Any CPU
		{538E6060-29F1-4CCE-B9D5-EDB993183956}.Release|x86.Build.0 = Release|Any CPU
	EndGlobalSection
	GlobalSection(SolutionProperties) = preSolution
		HideSolutionNode = FALSE
	EndGlobalSection
EndGlobal
