
Microsoft Visual Studio Solution File, Format Version 12.00
# Visual Studio 14
VisualStudioVersion = 14.0.24720.0
MinimumVisualStudioVersion = 10.0.40219.1
Project("{FAE04EC0-301F-11D3-BF4B-00C04F79EFBC}") = "MTWorking", "MTWorking\MTWorking.csproj", "{556236E8-B376-4A34-A76B-21DD35FE162B}"
EndProject
Global
	GlobalSection(SolutionConfigurationPlatforms) = preSolution
		Debug|Any CPU = Debug|Any CPU
		Release|Any CPU = Release|Any CPU
	EndGlobalSection
	GlobalSection(ProjectConfigurationPlatforms) = postSolution
		{556236E8-B376-4A34-A76B-21DD35FE162B}.Debug|Any CPU.ActiveCfg = Debug|Any CPU
		{556236E8-B376-4A34-A76B-21DD35FE162B}.Debug|Any CPU.Build.0 = Debug|Any CPU
		{556236E8-B376-4A34-A76B-21DD35FE162B}.Release|Any CPU.ActiveCfg = Release|Any CPU
		{556236E8-B376-4A34-A76B-21DD35FE162B}.Release|Any CPU.Build.0 = Release|Any CPU
	EndGlobalSection
	GlobalSection(SolutionProperties) = preSolution
		HideSolutionNode = FALSE
	EndGlobalSection
EndGlobal
